schema: '2.0'
stages:
  data_ingestion:
    cmd: python src/data_ingestion.py
    deps:
    - path: src/data_ingestion.py
      hash: md5
      md5: c039c8d888bbf488deee13898c4a0aeb
      size: 3630
    params:
      params.yaml:
        data_ingestion.test_size: 0.22
    outs:
    - path: data/raw
      hash: md5
      md5: 42b416fcee44aa8e1db5fccaa7c2d659.dir
      size: 484846
      nfiles: 2
  data_preprocessing:
    cmd: python src/data_preprocessing.py
    deps:
    - path: data/raw
      hash: md5
      md5: 42b416fcee44aa8e1db5fccaa7c2d659.dir
      size: 484846
      nfiles: 2
    - path: src/data_preprocessing.py
      hash: md5
      md5: ae0059b79590609927f72e3c373f1865
      size: 3973
    outs:
    - path: data/interim
      hash: md5
      md5: 1281f4aa48f71ae2c5ff25ef761e311b.dir
      size: 262301
      nfiles: 2
  feature_engineering:
    cmd: python src/feature_engineering.py
    deps:
    - path: data/interim
      hash: md5
      md5: 1281f4aa48f71ae2c5ff25ef761e311b.dir
      size: 262301
      nfiles: 2
    - path: src/feature_engineering.py
      hash: md5
      md5: cc385601df71bb2dea671b0c349bf96a
      size: 3875
    params:
      params.yaml:
        feature_engineering.max_features: 25
    outs:
    - path: data/processed
      hash: md5
      md5: 406500420d579e7bd426048f865b305d.dir
      size: 605229
      nfiles: 2
  model_building:
    cmd: python src/model_building.py
    deps:
    - path: data/processed
      hash: md5
      md5: 406500420d579e7bd426048f865b305d.dir
      size: 605229
      nfiles: 2
    - path: src/model_building.py
      hash: md5
      md5: 68f3bb8c8b08f7c8a8f54afaeae694f8
      size: 4444
    params:
      params.yaml:
        model_building.n_estimators: 22
        model_building.random_state: 2
    outs:
    - path: models/model.pkl
      hash: md5
      md5: 6e3b1246ab06e3f51cafca730ddd18cb
      size: 544448
  model_evaluation:
    cmd: python src/model_evaluation.py
    deps:
    - path: models/model.pkl
      hash: md5
      md5: 6e3b1246ab06e3f51cafca730ddd18cb
      size: 544448
    - path: src/model_evaluation.py
      hash: md5
      md5: 277bd184cbff062c0c7cb614dd220e27
      size: 4635
    outs:
    - path: reports/metrics.json
      hash: md5
      md5: f0f8c2c18bbc7cd131cbe386649d4e50
      size: 145
